<?xml version="1.0" encoding="utf-8"?>
<Project ToolsVersion="4.0" xmlns="http://schemas.microsoft.com/developer/msbuild/2003">
  <ItemGroup>
    <Filter Include="소스 파일">
      <UniqueIdentifier>{4FC737F1-C7A5-4376-A066-2A32D752A2FF}</UniqueIdentifier>
      <Extensions>cpp;c;cc;cxx;c++;cppm;ixx;def;odl;idl;hpj;bat;asm;asmx</Extensions>
    </Filter>
    <Filter Include="헤더 파일">
      <UniqueIdentifier>{93995380-89BD-4b04-88EB-625FBE52EBFB}</UniqueIdentifier>
      <Extensions>h;hh;hpp;hxx;h++;hm;inl;inc;ipp;xsd</Extensions>
    </Filter>
    <Filter Include="리소스 파일">
      <UniqueIdentifier>{67DA6AB6-F800-4c08-8B7A-83BB121AAD01}</UniqueIdentifier>
      <Extensions>rc;ico;cur;bmp;dlg;rc2;rct;bin;rgs;gif;jpg;jpeg;jpe;resx;tiff;tif;png;wav;mfcribbon-ms</Extensions>
    </Filter>
    <Filter Include="소스 파일\chap1">
      <UniqueIdentifier>{d96553fe-76b7-4365-88ad-5924b1e8320a}</UniqueIdentifier>
    </Filter>
    <Filter Include="소스 파일\chap2">
      <UniqueIdentifier>{ffef8395-2716-4cb2-a31f-038c66288d11}</UniqueIdentifier>
    </Filter>
    <Filter Include="소스 파일\chap3">
      <UniqueIdentifier>{d8735f07-8c4d-4953-bc6a-0a3faf77cd67}</UniqueIdentifier>
    </Filter>
  </ItemGroup>
  <ItemGroup>
    <ClCompile Include="p_p10.cpp">
      <Filter>소스 파일\chap1</Filter>
    </ClCompile>
    <ClCompile Include="p_p11.cpp">
      <Filter>소스 파일\chap1</Filter>
    </ClCompile>
    <ClCompile Include="p_p12.cpp">
      <Filter>소스 파일\chap1</Filter>
    </ClCompile>
    <ClCompile Include="p_p13.cpp">
      <Filter>소스 파일\chap1</Filter>
    </ClCompile>
    <ClCompile Include="p_p14.cpp">
      <Filter>소스 파일\chap1</Filter>
    </ClCompile>
    <ClCompile Include="p_p15.cpp">
      <Filter>소스 파일\chap1</Filter>
    </ClCompile>
    <ClCompile Include="p_p16.cpp">
      <Filter>소스 파일\chap1</Filter>
    </ClCompile>
    <ClCompile Include="p_p17.cpp">
      <Filter>소스 파일\chap1</Filter>
    </ClCompile>
    <ClCompile Include="p_p18.cpp">
      <Filter>소스 파일\chap1</Filter>
    </ClCompile>
    <ClCompile Include="p_p19.cpp">
      <Filter>소스 파일\chap1</Filter>
    </ClCompile>
    <ClCompile Include="p_p20.cpp">
      <Filter>소스 파일\chap1</Filter>
    </ClCompile>
    <ClCompile Include="p_p21.cpp">
      <Filter>소스 파일\chap1</Filter>
    </ClCompile>
    <ClCompile Include="p_p22.cpp">
      <Filter>소스 파일\chap1</Filter>
    </ClCompile>
    <ClCompile Include="p_p23.cpp">
      <Filter>소스 파일\chap1</Filter>
    </ClCompile>
    <ClCompile Include="p_p24.cpp">
      <Filter>소스 파일\chap1</Filter>
    </ClCompile>
    <ClCompile Include="p_p25.cpp">
      <Filter>소스 파일\chap1</Filter>
    </ClCompile>
    <ClCompile Include="p_p26.cpp">
      <Filter>소스 파일\chap1</Filter>
    </ClCompile>
    <ClCompile Include="p_p27.cpp">
      <Filter>소스 파일\chap1</Filter>
    </ClCompile>
    <ClCompile Include="p_p28.cpp">
      <Filter>소스 파일\chap1</Filter>
    </ClCompile>
    <ClCompile Include="p_p1.cpp">
      <Filter>소스 파일\chap2</Filter>
    </ClCompile>
    <ClCompile Include="p_p29.cpp">
      <Filter>소스 파일\chap2</Filter>
    </ClCompile>
    <ClCompile Include="p_p30.cpp">
      <Filter>소스 파일\chap2</Filter>
    </ClCompile>
    <ClCompile Include="p_p31.cpp">
      <Filter>소스 파일\chap2</Filter>
    </ClCompile>
    <ClCompile Include="p_p32.cpp">
      <Filter>소스 파일\chap2</Filter>
    </ClCompile>
    <ClCompile Include="p_p33.cpp">
      <Filter>소스 파일\chap2</Filter>
    </ClCompile>
    <ClCompile Include="p_p34.cpp">
      <Filter>소스 파일\chap2</Filter>
    </ClCompile>
    <ClCompile Include="p_p35.cpp">
      <Filter>소스 파일\chap2</Filter>
    </ClCompile>
    <ClCompile Include="p_p36.cpp">
      <Filter>소스 파일\chap2</Filter>
    </ClCompile>
    <ClCompile Include="p_p37.cpp">
      <Filter>소스 파일\chap2</Filter>
    </ClCompile>
    <ClCompile Include="p_p38.cpp">
      <Filter>소스 파일\chap2</Filter>
    </ClCompile>
    <ClCompile Include="p_p39.cpp">
      <Filter>소스 파일\chap2</Filter>
    </ClCompile>
    <ClCompile Include="p_p40.cpp">
      <Filter>소스 파일\chap2</Filter>
    </ClCompile>
    <ClCompile Include="p_p41.cpp">
      <Filter>소스 파일\chap2</Filter>
    </ClCompile>
    <ClCompile Include="p_p42.cpp">
      <Filter>소스 파일\chap2</Filter>
    </ClCompile>
    <ClCompile Include="p_p43.cpp">
      <Filter>소스 파일\chap2</Filter>
    </ClCompile>
    <ClCompile Include="p_p44.cpp">
      <Filter>소스 파일\chap2</Filter>
    </ClCompile>
    <ClCompile Include="p_p45.cpp">
      <Filter>소스 파일\chap2</Filter>
    </ClCompile>
    <ClCompile Include="p_p46.cpp">
      <Filter>소스 파일\chap2</Filter>
    </ClCompile>
    <ClCompile Include="p_p47.cpp">
      <Filter>소스 파일\chap2</Filter>
    </ClCompile>
    <ClCompile Include="p_p48.cpp">
      <Filter>소스 파일\chap2</Filter>
    </ClCompile>
    <ClCompile Include="p_p49.cpp">
      <Filter>소스 파일\chap2</Filter>
    </ClCompile>
    <ClCompile Include="p_p50.cpp">
      <Filter>소스 파일\chap2</Filter>
    </ClCompile>
    <ClCompile Include="p_p51.cpp">
      <Filter>소스 파일\chap3</Filter>
    </ClCompile>
    <ClCompile Include="p_p52.cpp">
      <Filter>소스 파일\chap3</Filter>
    </ClCompile>
    <ClCompile Include="p_p53.cpp">
      <Filter>소스 파일\chap3</Filter>
    </ClCompile>
    <ClCompile Include="P_P54.cpp">
      <Filter>소스 파일\chap3</Filter>
    </ClCompile>
    <ClCompile Include="p_p55.cpp">
      <Filter>소스 파일\chap3</Filter>
    </ClCompile>
    <ClCompile Include="p_p56.cpp">
      <Filter>소스 파일\chap3</Filter>
    </ClCompile>
    <ClCompile Include="p_p57.cpp">
      <Filter>소스 파일\chap3</Filter>
    </ClCompile>
    <ClCompile Include="p_p58.cpp">
      <Filter>소스 파일\chap3</Filter>
    </ClCompile>
    <ClCompile Include="p_p59.cpp">
      <Filter>소스 파일\chap3</Filter>
    </ClCompile>
    <ClCompile Include="p_p60.cpp">
      <Filter>소스 파일\chap3</Filter>
    </ClCompile>
    <ClCompile Include="p_p61.cpp">
      <Filter>소스 파일\chap3</Filter>
    </ClCompile>
    <ClCompile Include="p_p62.cpp">
      <Filter>소스 파일\chap3</Filter>
    </ClCompile>
    <ClCompile Include="p_p63.cpp">
      <Filter>소스 파일\chap3</Filter>
    </ClCompile>
    <ClCompile Include="p_p64.cpp">
      <Filter>소스 파일\chap3</Filter>
    </ClCompile>
    <ClCompile Include="p_p65.cpp">
      <Filter>소스 파일\chap3</Filter>
    </ClCompile>
    <ClCompile Include="p_p66.cpp">
      <Filter>소스 파일\chap3</Filter>
    </ClCompile>
  </ItemGroup>
</Project>