<?xml version="1.0" encoding="utf-8"?>
<Project ToolsVersion="4.0" xmlns="http://schemas.microsoft.com/developer/msbuild/2003">
  <ItemGroup>
    <Filter Include="소스 파일">
      <UniqueIdentifier>{4FC737F1-C7A5-4376-A066-2A32D752A2FF}</UniqueIdentifier>
      <Extensions>cpp;c;cc;cxx;c++;cppm;ixx;def;odl;idl;hpj;bat;asm;asmx</Extensions>
    </Filter>
    <Filter Include="리소스 파일">
      <UniqueIdentifier>{67DA6AB6-F800-4c08-8B7A-83BB121AAD01}</UniqueIdentifier>
      <Extensions>rc;ico;cur;bmp;dlg;rc2;rct;bin;rgs;gif;jpg;jpeg;jpe;resx;tiff;tif;png;wav;mfcribbon-ms</Extensions>
    </Filter>
    <Filter Include="소스 파일\chap1">
      <UniqueIdentifier>{d96553fe-76b7-4365-88ad-5924b1e8320a}</UniqueIdentifier>
    </Filter>
    <Filter Include="소스 파일\chap2">
      <UniqueIdentifier>{ffef8395-2716-4cb2-a31f-038c66288d11}</UniqueIdentifier>
    </Filter>
    <Filter Include="소스 파일\chap3">
      <UniqueIdentifier>{d8735f07-8c4d-4953-bc6a-0a3faf77cd67}</UniqueIdentifier>
    </Filter>
    <Filter Include="소스 파일\chap4">
      <UniqueIdentifier>{9470ee08-f35d-4723-8d92-d83467d32c99}</UniqueIdentifier>
    </Filter>
    <Filter Include="소스 파일\chap5">
      <UniqueIdentifier>{62fdeda1-db79-444a-a390-177139f4f6e3}</UniqueIdentifier>
    </Filter>
    <Filter Include="소스 파일\chap6">
      <UniqueIdentifier>{03106921-ad37-4890-bdb4-00ee07ad4e12}</UniqueIdentifier>
    </Filter>
    <Filter Include="소스 파일\헤더 파일">
      <UniqueIdentifier>{93995380-89BD-4b04-88EB-625FBE52EBFB}</UniqueIdentifier>
      <Extensions>h;hh;hpp;hxx;h++;hm;inl;inc;ipp;xsd</Extensions>
    </Filter>
    <Filter Include="소스 파일\chap7">
      <UniqueIdentifier>{b0d8f44c-303d-434f-8791-cd04816ad6f8}</UniqueIdentifier>
    </Filter>
  </ItemGroup>
  <ItemGroup>
    <ClCompile Include="p_p10.cpp">
      <Filter>소스 파일\chap1</Filter>
    </ClCompile>
    <ClCompile Include="p_p11.cpp">
      <Filter>소스 파일\chap1</Filter>
    </ClCompile>
    <ClCompile Include="p_p12.cpp">
      <Filter>소스 파일\chap1</Filter>
    </ClCompile>
    <ClCompile Include="p_p13.cpp">
      <Filter>소스 파일\chap1</Filter>
    </ClCompile>
    <ClCompile Include="p_p14.cpp">
      <Filter>소스 파일\chap1</Filter>
    </ClCompile>
    <ClCompile Include="p_p15.cpp">
      <Filter>소스 파일\chap1</Filter>
    </ClCompile>
    <ClCompile Include="p_p16.cpp">
      <Filter>소스 파일\chap1</Filter>
    </ClCompile>
    <ClCompile Include="p_p17.cpp">
      <Filter>소스 파일\chap1</Filter>
    </ClCompile>
    <ClCompile Include="p_p18.cpp">
      <Filter>소스 파일\chap1</Filter>
    </ClCompile>
    <ClCompile Include="p_p19.cpp">
      <Filter>소스 파일\chap1</Filter>
    </ClCompile>
    <ClCompile Include="p_p20.cpp">
      <Filter>소스 파일\chap1</Filter>
    </ClCompile>
    <ClCompile Include="p_p21.cpp">
      <Filter>소스 파일\chap1</Filter>
    </ClCompile>
    <ClCompile Include="p_p22.cpp">
      <Filter>소스 파일\chap1</Filter>
    </ClCompile>
    <ClCompile Include="p_p23.cpp">
      <Filter>소스 파일\chap1</Filter>
    </ClCompile>
    <ClCompile Include="p_p24.cpp">
      <Filter>소스 파일\chap1</Filter>
    </ClCompile>
    <ClCompile Include="p_p25.cpp">
      <Filter>소스 파일\chap1</Filter>
    </ClCompile>
    <ClCompile Include="p_p26.cpp">
      <Filter>소스 파일\chap1</Filter>
    </ClCompile>
    <ClCompile Include="p_p27.cpp">
      <Filter>소스 파일\chap1</Filter>
    </ClCompile>
    <ClCompile Include="p_p28.cpp">
      <Filter>소스 파일\chap1</Filter>
    </ClCompile>
    <ClCompile Include="p_p1.cpp">
      <Filter>소스 파일\chap2</Filter>
    </ClCompile>
    <ClCompile Include="p_p29.cpp">
      <Filter>소스 파일\chap2</Filter>
    </ClCompile>
    <ClCompile Include="p_p30.cpp">
      <Filter>소스 파일\chap2</Filter>
    </ClCompile>
    <ClCompile Include="p_p31.cpp">
      <Filter>소스 파일\chap2</Filter>
    </ClCompile>
    <ClCompile Include="p_p32.cpp">
      <Filter>소스 파일\chap2</Filter>
    </ClCompile>
    <ClCompile Include="p_p33.cpp">
      <Filter>소스 파일\chap2</Filter>
    </ClCompile>
    <ClCompile Include="p_p34.cpp">
      <Filter>소스 파일\chap2</Filter>
    </ClCompile>
    <ClCompile Include="p_p35.cpp">
      <Filter>소스 파일\chap2</Filter>
    </ClCompile>
    <ClCompile Include="p_p36.cpp">
      <Filter>소스 파일\chap2</Filter>
    </ClCompile>
    <ClCompile Include="p_p37.cpp">
      <Filter>소스 파일\chap2</Filter>
    </ClCompile>
    <ClCompile Include="p_p38.cpp">
      <Filter>소스 파일\chap2</Filter>
    </ClCompile>
    <ClCompile Include="p_p39.cpp">
      <Filter>소스 파일\chap2</Filter>
    </ClCompile>
    <ClCompile Include="p_p40.cpp">
      <Filter>소스 파일\chap2</Filter>
    </ClCompile>
    <ClCompile Include="p_p41.cpp">
      <Filter>소스 파일\chap2</Filter>
    </ClCompile>
    <ClCompile Include="p_p42.cpp">
      <Filter>소스 파일\chap2</Filter>
    </ClCompile>
    <ClCompile Include="p_p43.cpp">
      <Filter>소스 파일\chap2</Filter>
    </ClCompile>
    <ClCompile Include="p_p44.cpp">
      <Filter>소스 파일\chap2</Filter>
    </ClCompile>
    <ClCompile Include="p_p45.cpp">
      <Filter>소스 파일\chap2</Filter>
    </ClCompile>
    <ClCompile Include="p_p46.cpp">
      <Filter>소스 파일\chap2</Filter>
    </ClCompile>
    <ClCompile Include="p_p47.cpp">
      <Filter>소스 파일\chap2</Filter>
    </ClCompile>
    <ClCompile Include="p_p48.cpp">
      <Filter>소스 파일\chap2</Filter>
    </ClCompile>
    <ClCompile Include="p_p49.cpp">
      <Filter>소스 파일\chap2</Filter>
    </ClCompile>
    <ClCompile Include="p_p50.cpp">
      <Filter>소스 파일\chap2</Filter>
    </ClCompile>
    <ClCompile Include="p_p51.cpp">
      <Filter>소스 파일\chap3</Filter>
    </ClCompile>
    <ClCompile Include="p_p52.cpp">
      <Filter>소스 파일\chap3</Filter>
    </ClCompile>
    <ClCompile Include="p_p53.cpp">
      <Filter>소스 파일\chap3</Filter>
    </ClCompile>
    <ClCompile Include="P_P54.cpp">
      <Filter>소스 파일\chap3</Filter>
    </ClCompile>
    <ClCompile Include="p_p55.cpp">
      <Filter>소스 파일\chap3</Filter>
    </ClCompile>
    <ClCompile Include="p_p56.cpp">
      <Filter>소스 파일\chap3</Filter>
    </ClCompile>
    <ClCompile Include="p_p57.cpp">
      <Filter>소스 파일\chap3</Filter>
    </ClCompile>
    <ClCompile Include="p_p58.cpp">
      <Filter>소스 파일\chap3</Filter>
    </ClCompile>
    <ClCompile Include="p_p59.cpp">
      <Filter>소스 파일\chap3</Filter>
    </ClCompile>
    <ClCompile Include="p_p60.cpp">
      <Filter>소스 파일\chap3</Filter>
    </ClCompile>
    <ClCompile Include="p_p61.cpp">
      <Filter>소스 파일\chap3</Filter>
    </ClCompile>
    <ClCompile Include="p_p62.cpp">
      <Filter>소스 파일\chap3</Filter>
    </ClCompile>
    <ClCompile Include="p_p63.cpp">
      <Filter>소스 파일\chap3</Filter>
    </ClCompile>
    <ClCompile Include="p_p64.cpp">
      <Filter>소스 파일\chap3</Filter>
    </ClCompile>
    <ClCompile Include="p_p65.cpp">
      <Filter>소스 파일\chap3</Filter>
    </ClCompile>
    <ClCompile Include="p_p66.cpp">
      <Filter>소스 파일\chap3</Filter>
    </ClCompile>
    <ClCompile Include="p_p67.cpp">
      <Filter>소스 파일\chap3</Filter>
    </ClCompile>
    <ClCompile Include="p_p68.cpp">
      <Filter>소스 파일\chap3</Filter>
    </ClCompile>
    <ClCompile Include="p_p69.cpp">
      <Filter>소스 파일\chap3</Filter>
    </ClCompile>
    <ClCompile Include="p_p70.cpp">
      <Filter>소스 파일\chap3</Filter>
    </ClCompile>
    <ClCompile Include="p_p71.cpp">
      <Filter>소스 파일\chap3</Filter>
    </ClCompile>
    <ClCompile Include="p_p72.cpp">
      <Filter>소스 파일\chap3</Filter>
    </ClCompile>
    <ClCompile Include="p_p74.cpp">
      <Filter>소스 파일\chap3</Filter>
    </ClCompile>
    <ClCompile Include="p_p75.cpp">
      <Filter>소스 파일\chap3</Filter>
    </ClCompile>
    <ClCompile Include="p_p76.cpp">
      <Filter>소스 파일\chap3</Filter>
    </ClCompile>
    <ClCompile Include="p_p77.cpp">
      <Filter>소스 파일\chap3</Filter>
    </ClCompile>
    <ClCompile Include="p_p78.cpp">
      <Filter>소스 파일\chap3</Filter>
    </ClCompile>
    <ClCompile Include="p_p79.cpp">
      <Filter>소스 파일\chap3</Filter>
    </ClCompile>
    <ClCompile Include="p_p80.cpp">
      <Filter>소스 파일\chap3</Filter>
    </ClCompile>
    <ClCompile Include="p_p73.cpp">
      <Filter>소스 파일\chap3</Filter>
    </ClCompile>
    <ClCompile Include="p_p81.cpp">
      <Filter>소스 파일\chap4</Filter>
    </ClCompile>
    <ClCompile Include="p_p82.cpp">
      <Filter>소스 파일\chap4</Filter>
    </ClCompile>
    <ClCompile Include="p_p83.cpp">
      <Filter>소스 파일\chap4</Filter>
    </ClCompile>
    <ClCompile Include="p_p84.cpp">
      <Filter>소스 파일\chap4</Filter>
    </ClCompile>
    <ClCompile Include="p_p85.cpp">
      <Filter>소스 파일\chap4</Filter>
    </ClCompile>
    <ClCompile Include="p_p86.cpp">
      <Filter>소스 파일\chap4</Filter>
    </ClCompile>
    <ClCompile Include="p_p87.cpp">
      <Filter>소스 파일\chap4</Filter>
    </ClCompile>
    <ClCompile Include="p_p89.cpp">
      <Filter>소스 파일\chap4</Filter>
    </ClCompile>
    <ClCompile Include="p_p90.cpp">
      <Filter>소스 파일\chap4</Filter>
    </ClCompile>
    <ClCompile Include="p_p91.cpp">
      <Filter>소스 파일\chap4</Filter>
    </ClCompile>
    <ClCompile Include="p_p92.cpp">
      <Filter>소스 파일\chap4</Filter>
    </ClCompile>
    <ClCompile Include="p_p93.cpp">
      <Filter>소스 파일\chap4</Filter>
    </ClCompile>
    <ClCompile Include="p_p94.cpp">
      <Filter>소스 파일\chap4</Filter>
    </ClCompile>
    <ClCompile Include="p_p95.cpp">
      <Filter>소스 파일\chap4</Filter>
    </ClCompile>
    <ClCompile Include="p_p96.cpp">
      <Filter>소스 파일\chap4</Filter>
    </ClCompile>
    <ClCompile Include="p_p97.cpp">
      <Filter>소스 파일\chap4</Filter>
    </ClCompile>
    <ClCompile Include="p_p98.cpp">
      <Filter>소스 파일\chap4</Filter>
    </ClCompile>
    <ClCompile Include="p_p99.cpp">
      <Filter>소스 파일\chap4</Filter>
    </ClCompile>
    <ClCompile Include="p_p100.cpp">
      <Filter>소스 파일\chap4</Filter>
    </ClCompile>
    <ClCompile Include="p_p101.cpp">
      <Filter>소스 파일\chap4</Filter>
    </ClCompile>
    <ClCompile Include="p_p102.cpp">
      <Filter>소스 파일\chap4</Filter>
    </ClCompile>
    <ClCompile Include="p_p103.cpp">
      <Filter>소스 파일\chap4</Filter>
    </ClCompile>
    <ClCompile Include="p_p104.cpp">
      <Filter>소스 파일\chap5</Filter>
    </ClCompile>
    <ClCompile Include="p_p105.cpp">
      <Filter>소스 파일\chap5</Filter>
    </ClCompile>
    <ClCompile Include="p_p106.cpp">
      <Filter>소스 파일\chap5</Filter>
    </ClCompile>
    <ClCompile Include="p_p107.cpp">
      <Filter>소스 파일\chap5</Filter>
    </ClCompile>
    <ClCompile Include="p_p108.cpp">
      <Filter>소스 파일\chap5</Filter>
    </ClCompile>
    <ClCompile Include="p_p109.cpp">
      <Filter>소스 파일\chap5</Filter>
    </ClCompile>
    <ClCompile Include="p_p110.cpp">
      <Filter>소스 파일\chap5</Filter>
    </ClCompile>
    <ClCompile Include="p_p111.cpp">
      <Filter>소스 파일\chap5</Filter>
    </ClCompile>
    <ClCompile Include="p_p112.cpp">
      <Filter>소스 파일\chap5</Filter>
    </ClCompile>
    <ClCompile Include="p_p113.cpp">
      <Filter>소스 파일\chap5</Filter>
    </ClCompile>
    <ClCompile Include="p_p114.cpp">
      <Filter>소스 파일\chap5</Filter>
    </ClCompile>
    <ClCompile Include="p_p115.cpp">
      <Filter>소스 파일\chap5</Filter>
    </ClCompile>
    <ClCompile Include="p_p116.cpp">
      <Filter>소스 파일\chap5</Filter>
    </ClCompile>
    <ClCompile Include="p_p117.cpp">
      <Filter>소스 파일\chap5</Filter>
    </ClCompile>
    <ClCompile Include="p_p118.cpp">
      <Filter>소스 파일\chap5</Filter>
    </ClCompile>
    <ClCompile Include="p_p119.cpp">
      <Filter>소스 파일\chap5</Filter>
    </ClCompile>
    <ClCompile Include="p_p120.cpp">
      <Filter>소스 파일\chap5</Filter>
    </ClCompile>
    <ClCompile Include="p_p121.cpp">
      <Filter>소스 파일\chap5</Filter>
    </ClCompile>
    <ClCompile Include="p_p122.cpp">
      <Filter>소스 파일\chap5</Filter>
    </ClCompile>
    <ClCompile Include="p_p123.cpp">
      <Filter>소스 파일\chap5</Filter>
    </ClCompile>
    <ClCompile Include="p_p124.cpp">
      <Filter>소스 파일\chap5</Filter>
    </ClCompile>
    <ClCompile Include="p_p125.cpp">
      <Filter>소스 파일\chap5</Filter>
    </ClCompile>
    <ClCompile Include="p_p126.cpp">
      <Filter>소스 파일\chap5</Filter>
    </ClCompile>
    <ClCompile Include="p_p127.cpp">
      <Filter>소스 파일\chap5</Filter>
    </ClCompile>
    <ClCompile Include="p_p128.cpp">
      <Filter>소스 파일\chap5</Filter>
    </ClCompile>
    <ClCompile Include="p_p130.cpp">
      <Filter>소스 파일\chap5</Filter>
    </ClCompile>
    <ClCompile Include="p_p131.cpp">
      <Filter>소스 파일\chap5</Filter>
    </ClCompile>
    <ClCompile Include="p_p132.cpp">
      <Filter>소스 파일\chap5</Filter>
    </ClCompile>
    <ClCompile Include="p_p133.cpp">
      <Filter>소스 파일\chap5</Filter>
    </ClCompile>
    <ClCompile Include="p_p134.cpp">
      <Filter>소스 파일\chap5</Filter>
    </ClCompile>
    <ClCompile Include="p_p135.cpp">
      <Filter>소스 파일\chap5</Filter>
    </ClCompile>
    <ClCompile Include="p_p136.cpp">
      <Filter>소스 파일\chap5</Filter>
    </ClCompile>
    <ClCompile Include="p_p137.cpp">
      <Filter>소스 파일\chap5</Filter>
    </ClCompile>
    <ClCompile Include="p_p138.cpp">
      <Filter>소스 파일\chap5</Filter>
    </ClCompile>
    <ClCompile Include="p_p139.cpp">
      <Filter>소스 파일\chap6</Filter>
    </ClCompile>
    <ClCompile Include="p_p140.cpp">
      <Filter>소스 파일\chap6</Filter>
    </ClCompile>
    <ClCompile Include="p_p141.cpp">
      <Filter>소스 파일\chap6</Filter>
    </ClCompile>
    <ClCompile Include="p_p142.cpp">
      <Filter>소스 파일\chap6</Filter>
    </ClCompile>
    <ClCompile Include="p_p143.cpp">
      <Filter>소스 파일\chap6</Filter>
    </ClCompile>
    <ClCompile Include="p_p150.cpp">
      <Filter>소스 파일\chap6</Filter>
    </ClCompile>
    <ClCompile Include="p_p151.cpp">
      <Filter>소스 파일\chap6</Filter>
    </ClCompile>
    <ClCompile Include="p_p160.cpp">
      <Filter>소스 파일\chap6</Filter>
    </ClCompile>
    <ClCompile Include="p_p162.cpp">
      <Filter>소스 파일\chap6</Filter>
    </ClCompile>
    <ClCompile Include="p_p165.cpp">
      <Filter>소스 파일\chap6</Filter>
    </ClCompile>
    <ClCompile Include="p_p166.cpp">
      <Filter>소스 파일\chap6</Filter>
    </ClCompile>
    <ClCompile Include="p_p167.cpp">
      <Filter>소스 파일\chap6</Filter>
    </ClCompile>
    <ClCompile Include="p_p168.cpp">
      <Filter>소스 파일\chap6</Filter>
    </ClCompile>
    <ClCompile Include="p_p169.cpp">
      <Filter>소스 파일\chap6</Filter>
    </ClCompile>
    <ClCompile Include="p_p170.cpp">
      <Filter>소스 파일\chap6</Filter>
    </ClCompile>
    <ClCompile Include="p_p171.cpp">
      <Filter>소스 파일\chap6</Filter>
    </ClCompile>
    <ClCompile Include="p_p172.cpp">
      <Filter>소스 파일\chap6</Filter>
    </ClCompile>
    <ClCompile Include="p_p173.cpp">
      <Filter>소스 파일\chap6</Filter>
    </ClCompile>
    <ClCompile Include="p_p174.cpp">
      <Filter>소스 파일\chap6</Filter>
    </ClCompile>
    <ClCompile Include="p_p175.cpp">
      <Filter>소스 파일\chap6</Filter>
    </ClCompile>
    <ClCompile Include="p_p176.cpp">
      <Filter>소스 파일\chap6</Filter>
    </ClCompile>
    <ClCompile Include="p_p177.cpp">
      <Filter>소스 파일\chap6</Filter>
    </ClCompile>
    <ClCompile Include="p_p178.cpp">
      <Filter>소스 파일\chap6</Filter>
    </ClCompile>
    <ClCompile Include="p_p179.cpp">
      <Filter>소스 파일\chap6</Filter>
    </ClCompile>
    <ClCompile Include="p_p180.cpp">
      <Filter>소스 파일\chap6</Filter>
    </ClCompile>
    <ClCompile Include="p_p181.cpp">
      <Filter>소스 파일\chap6</Filter>
    </ClCompile>
    <ClCompile Include="p_p182.cpp">
      <Filter>소스 파일\chap6</Filter>
    </ClCompile>
    <ClCompile Include="p_p183.cpp">
      <Filter>소스 파일\chap6</Filter>
    </ClCompile>
    <ClCompile Include="p_p184.cpp">
      <Filter>소스 파일\chap6</Filter>
    </ClCompile>
    <ClCompile Include="p_185.cpp">
      <Filter>소스 파일\chap6</Filter>
    </ClCompile>
    <ClCompile Include="p_p185.cpp">
      <Filter>소스 파일\chap6</Filter>
    </ClCompile>
    <ClCompile Include="p_p186.cpp">
      <Filter>소스 파일\chap6</Filter>
    </ClCompile>
    <ClCompile Include="p_p187.cpp">
      <Filter>소스 파일\chap6</Filter>
    </ClCompile>
    <ClCompile Include="p_p188.cpp">
      <Filter>소스 파일\chap6</Filter>
    </ClCompile>
    <ClCompile Include="p_p189.cpp">
      <Filter>소스 파일\chap7</Filter>
    </ClCompile>
    <ClCompile Include="p_p190.cpp">
      <Filter>소스 파일\chap7</Filter>
    </ClCompile>
  </ItemGroup>
</Project>